
Microsoft Visual Studio Solution File, Format Version 12.00
# Visual Studio Version 16
VisualStudioVersion = 16.0.29911.84
MinimumVisualStudioVersion = 10.0.40219.1
Project("{9A19103F-16F7-4668-BE54-9A1E7A4F7556}") = "Micros", "Micros\Micros.csproj", "{1072C28E-0091-4A2C-AE6A-159505FBFEB8}"
EndProject
Project("{FAE04EC0-301F-11D3-BF4B-00C04F79EFBC}") = "Micros.Xunit", "Micros.Xunit\Micros.Xunit.csproj", "{FD1DEF13-73AC-4CE5-BBD2-53FF077B3611}"
EndProject
Global
	GlobalSection(SolutionConfigurationPlatforms) = preSolution
		Debug|Any CPU = Debug|Any CPU
		Release|Any CPU = Release|Any CPU
	EndGlobalSection
	GlobalSection(ProjectConfigurationPlatforms) = postSolution
		{1072C28E-0091-4A2C-AE6A-159505FBFEB8}.Debug|Any CPU.ActiveCfg = Debug|Any CPU
		{1072C28E-0091-4A2C-AE6A-159505FBFEB8}.Debug|Any CPU.Build.0 = Debug|Any CPU
		{1072C28E-0091-4A2C-AE6A-159505FBFEB8}.Release|Any CPU.ActiveCfg = Release|Any CPU
		{1072C28E-0091-4A2C-AE6A-159505FBFEB8}.Release|Any CPU.Build.0 = Release|Any CPU
		{FD1DEF13-73AC-4CE5-BBD2-53FF077B3611}.Debug|Any CPU.ActiveCfg = Debug|Any CPU
		{FD1DEF13-73AC-4CE5-BBD2-53FF077B3611}.Debug|Any CPU.Build.0 = Debug|Any CPU
		{FD1DEF13-73AC-4CE5-BBD2-53FF077B3611}.Release|Any CPU.ActiveCfg = Release|Any CPU
		{FD1DEF13-73AC-4CE5-BBD2-53FF077B3611}.Release|Any CPU.Build.0 = Release|Any CPU
	EndGlobalSection
	GlobalSection(SolutionProperties) = preSolution
		HideSolutionNode = FALSE
	EndGlobalSection
	GlobalSection(ExtensibilityGlobals) = postSolution
		SolutionGuid = {3D49E2C0-A671-46E0-8B50-2B9E32A26C8E}
	EndGlobalSection
EndGlobal
